
Microsoft Visual Studio Solution File, Format Version 12.00
# Visual Studio Version 17
VisualStudioVersion = 17.4.33205.214
MinimumVisualStudioVersion = 10.0.40219.1
Project("{FAE04EC0-301F-11D3-BF4B-00C04F79EFBC}") = "MyFirstApp", "MyFirstApp\MyFirstApp.csproj", "{7B88E782-17A6-4E01-96D6-A119378FCAD4}"
EndProject
Project("{FAE04EC0-301F-11D3-BF4B-00C04F79EFBC}") = "Calculator", "Calculator\Calculator.csproj", "{FED76385-F159-4411-8BD8-B46719DE49CB}"
EndProject
Global
	GlobalSection(SolutionConfigurationPlatforms) = preSolution
		Debug|Any CPU = Debug|Any CPU
		Release|Any CPU = Release|Any CPU
	EndGlobalSection
	GlobalSection(ProjectConfigurationPlatforms) = postSolution
		{7B88E782-17A6-4E01-96D6-A119378FCAD4}.Debug|Any CPU.ActiveCfg = Debug|Any CPU
		{7B88E782-17A6-4E01-96D6-A119378FCAD4}.Debug|Any CPU.Build.0 = Debug|Any CPU
		{7B88E782-17A6-4E01-96D6-A119378FCAD4}.Release|Any CPU.ActiveCfg = Release|Any CPU
		{7B88E782-17A6-4E01-96D6-A119378FCAD4}.Release|Any CPU.Build.0 = Release|Any CPU
		{FED76385-F159-4411-8BD8-B46719DE49CB}.Debug|Any CPU.ActiveCfg = Debug|Any CPU
		{FED76385-F159-4411-8BD8-B46719DE49CB}.Debug|Any CPU.Build.0 = Debug|Any CPU
		{FED76385-F159-4411-8BD8-B46719DE49CB}.Release|Any CPU.ActiveCfg = Release|Any CPU
		{FED76385-F159-4411-8BD8-B46719DE49CB}.Release|Any CPU.Build.0 = Release|Any CPU
	EndGlobalSection
	GlobalSection(SolutionProperties) = preSolution
		HideSolutionNode = FALSE
	EndGlobalSection
	GlobalSection(ExtensibilityGlobals) = postSolution
		SolutionGuid = {D5F74734-D8EA-47FE-87AD-3D7712DD81A4}
	EndGlobalSection
EndGlobal
